
Microsoft Visual Studio Solution File, Format Version 12.00
# Visual Studio 15
Project("{FAE04EC0-301F-11D3-BF4B-00C04F79EFBC}") = "Assembly-CSharp-Editor", "Assembly-CSharp-Editor.csproj", "{2CA0622D-CC77-16C5-8CC1-BE033BDA0F0B}"
EndProject
Project("{FAE04EC0-301F-11D3-BF4B-00C04F79EFBC}") = "Assembly-CSharp", "Assembly-CSharp.csproj", "{5C6C55A0-9A53-0B2B-EB81-006A9EB376D4}"
EndProject
Global
	GlobalSection(SolutionConfigurationPlatforms) = preSolution
		Debug|Any CPU = Debug|Any CPU
		Release|Any CPU = Release|Any CPU
	EndGlobalSection
	GlobalSection(ProjectConfigurationPlatforms) = postSolution
		{2CA0622D-CC77-16C5-8CC1-BE033BDA0F0B}.Debug|Any CPU.ActiveCfg = Debug|Any CPU
		{2CA0622D-CC77-16C5-8CC1-BE033BDA0F0B}.Debug|Any CPU.Build.0 = Debug|Any CPU
		{2CA0622D-CC77-16C5-8CC1-BE033BDA0F0B}.Release|Any CPU.ActiveCfg = Release|Any CPU
		{2CA0622D-CC77-16C5-8CC1-BE033BDA0F0B}.Release|Any CPU.Build.0 = Release|Any CPU
		{5C6C55A0-9A53-0B2B-EB81-006A9EB376D4}.Debug|Any CPU.ActiveCfg = Debug|Any CPU
		{5C6C55A0-9A53-0B2B-EB81-006A9EB376D4}.Debug|Any CPU.Build.0 = Debug|Any CPU
		{5C6C55A0-9A53-0B2B-EB81-006A9EB376D4}.Release|Any CPU.ActiveCfg = Release|Any CPU
		{5C6C55A0-9A53-0B2B-EB81-006A9EB376D4}.Release|Any CPU.Build.0 = Release|Any CPU
	EndGlobalSection
	GlobalSection(SolutionProperties) = preSolution
		HideSolutionNode = FALSE
	EndGlobalSection
EndGlobal
